
Microsoft Visual Studio Solution File, Format Version 12.00
# Visual Studio Version 17
VisualStudioVersion = 17.14.36414.22 d17.14
MinimumVisualStudioVersion = 10.0.40219.1
Project("{FAE04EC0-301F-11D3-BF4B-00C04F79EFBC}") = "ChatMessages.API", "Chat-Messages-API\ChatMessages.API.csproj", "{75EB4176-DD59-4816-B361-EB758B5FBC61}"
EndProject
Project("{FAE04EC0-301F-11D3-BF4B-00C04F79EFBC}") = "ChatMessages.Application", "Application\ChatMessages.Application.csproj", "{921F60D2-BB4F-45E9-8E48-B3B6139092F6}"
EndProject
Project("{FAE04EC0-301F-11D3-BF4B-00C04F79EFBC}") = "ChatMessages.Domain", "Domain\ChatMessages.Domain.csproj", "{A48D9673-F257-453C-B1AD-0F0A49AFA853}"
EndProject
Project("{FAE04EC0-301F-11D3-BF4B-00C04F79EFBC}") = "ChatMessages.Infrastructure", "ChatMessages.Infrastructure\ChatMessages.Infrastructure.csproj", "{3529CE23-9D68-47D8-82C2-733956EEB153}"
EndProject
Global
	GlobalSection(SolutionConfigurationPlatforms) = preSolution
		Debug|Any CPU = Debug|Any CPU
		Release|Any CPU = Release|Any CPU
	EndGlobalSection
	GlobalSection(ProjectConfigurationPlatforms) = postSolution
		{75EB4176-DD59-4816-B361-EB758B5FBC61}.Debug|Any CPU.ActiveCfg = Debug|Any CPU
		{75EB4176-DD59-4816-B361-EB758B5FBC61}.Debug|Any CPU.Build.0 = Debug|Any CPU
		{75EB4176-DD59-4816-B361-EB758B5FBC61}.Release|Any CPU.ActiveCfg = Release|Any CPU
		{75EB4176-DD59-4816-B361-EB758B5FBC61}.Release|Any CPU.Build.0 = Release|Any CPU
		{921F60D2-BB4F-45E9-8E48-B3B6139092F6}.Debug|Any CPU.ActiveCfg = Debug|Any CPU
		{921F60D2-BB4F-45E9-8E48-B3B6139092F6}.Debug|Any CPU.Build.0 = Debug|Any CPU
		{921F60D2-BB4F-45E9-8E48-B3B6139092F6}.Release|Any CPU.ActiveCfg = Release|Any CPU
		{921F60D2-BB4F-45E9-8E48-B3B6139092F6}.Release|Any CPU.Build.0 = Release|Any CPU
		{A48D9673-F257-453C-B1AD-0F0A49AFA853}.Debug|Any CPU.ActiveCfg = Debug|Any CPU
		{A48D9673-F257-453C-B1AD-0F0A49AFA853}.Debug|Any CPU.Build.0 = Debug|Any CPU
		{A48D9673-F257-453C-B1AD-0F0A49AFA853}.Release|Any CPU.ActiveCfg = Release|Any CPU
		{A48D9673-F257-453C-B1AD-0F0A49AFA853}.Release|Any CPU.Build.0 = Release|Any CPU
		{3529CE23-9D68-47D8-82C2-733956EEB153}.Debug|Any CPU.ActiveCfg = Debug|Any CPU
		{3529CE23-9D68-47D8-82C2-733956EEB153}.Debug|Any CPU.Build.0 = Debug|Any CPU
		{3529CE23-9D68-47D8-82C2-733956EEB153}.Release|Any CPU.ActiveCfg = Release|Any CPU
		{3529CE23-9D68-47D8-82C2-733956EEB153}.Release|Any CPU.Build.0 = Release|Any CPU
	EndGlobalSection
	GlobalSection(SolutionProperties) = preSolution
		HideSolutionNode = FALSE
	EndGlobalSection
	GlobalSection(ExtensibilityGlobals) = postSolution
		SolutionGuid = {D2CE73BD-CFF0-4A3C-9BBC-BC1FDB888752}
	EndGlobalSection
EndGlobal
